
Microsoft Visual Studio Solution File, Format Version 12.00
# Visual Studio Version 17
VisualStudioVersion = 17.8.34330.188
MinimumVisualStudioVersion = 10.0.40219.1
Project("{FAE04EC0-301F-11D3-BF4B-00C04F79EFBC}") = "EurofinsAPI", "EurofinsAPI\EurofinsAPI.csproj", "{D6AF82ED-A436-44F5-A549-5F3072B2C47F}"
EndProject
Global
	GlobalSection(SolutionConfigurationPlatforms) = preSolution
		Debug|Any CPU = Debug|Any CPU
		Release|Any CPU = Release|Any CPU
	EndGlobalSection
	GlobalSection(ProjectConfigurationPlatforms) = postSolution
		{D6AF82ED-A436-44F5-A549-5F3072B2C47F}.Debug|Any CPU.ActiveCfg = Debug|Any CPU
		{D6AF82ED-A436-44F5-A549-5F3072B2C47F}.Debug|Any CPU.Build.0 = Debug|Any CPU
		{D6AF82ED-A436-44F5-A549-5F3072B2C47F}.Release|Any CPU.ActiveCfg = Release|Any CPU
		{D6AF82ED-A436-44F5-A549-5F3072B2C47F}.Release|Any CPU.Build.0 = Release|Any CPU
	EndGlobalSection
	GlobalSection(SolutionProperties) = preSolution
		HideSolutionNode = FALSE
	EndGlobalSection
	GlobalSection(ExtensibilityGlobals) = postSolution
		SolutionGuid = {20F34FEA-130C-4FB0-B958-01910057A18F}
	EndGlobalSection
EndGlobal
